PODS:
  - Alamofire (5.0.0-rc.3)
  - KeychainAccess (4.1.0)

DEPENDENCIES:
  - Alamofire (~> 5.0.0-rc.3)
  - KeychainAccess

SPEC REPOS:
  trunk:
    - Alamofire
    - KeychainAccess

SPEC CHECKSUMS:
  Alamofire: ca8c0de6906873be89d6deec5c8de279e00bf872
  KeychainAccess: 445e28864fe6d3458b41fa211bcdc39890e8bd5a

PODFILE CHECKSUM: 7dc2160e5f35efab9b0a1b1bae47605bdb9a9918

COCOAPODS: 1.8.3
