PODS:
  - Alamofire (5.0.0-rc.3)
  - SwiftyStoreKit (0.15.0)

DEPENDENCIES:
  - Alamofire (~> 5.0.0-rc.3)
  - SwiftyStoreKit

SPEC REPOS:
  trunk:
    - Alamofire
    - SwiftyStoreKit

SPEC CHECKSUMS:
  Alamofire: ca8c0de6906873be89d6deec5c8de279e00bf872
  SwiftyStoreKit: 033d06b6f87955405d3f844a18a7687c2438592a

PODFILE CHECKSUM: 32d99eb03d5b506415de370fe68e3ae1be79428a

COCOAPODS: 1.9.1
