// !$*UTF8*$!
{
	archiveVersion = 1;
	classes = {
	};
	objectVersion = 51;
	objects = {

/* Begin PBXBuildFile section */
		5AC694411C3D496346052EFF /* Pods_Simple_Login.framework in Frameworks */ = {isa = PBXBuildFile; fileRef = 1691E2E66E8538DBD1DC6518 /* Pods_Simple_Login.framework */; };
		BC264B3A74C13B324BE7166B /* Pods_Safari_Extension.framework in Frameworks */ = {isa = PBXBuildFile; fileRef = 3020AAC6B449F6AD315AA3BF /* Pods_Safari_Extension.framework */; };
		C000DFEE23C49235005D61E4 /* UserInfo.swift in Sources */ = {isa = PBXBuildFile; fileRef = C000DFED23C49235005D61E4 /* UserInfo.swift */; };
		C000DFEF23C492D5005D61E4 /* UserInfo.swift in Sources */ = {isa = PBXBuildFile; fileRef = C000DFED23C49235005D61E4 /* UserInfo.swift */; };
		C000DFF223C49899005D61E4 /* EnterApiKey.storyboard in Resources */ = {isa = PBXBuildFile; fileRef = C000DFF123C49899005D61E4 /* EnterApiKey.storyboard */; };
		C000DFF423C498A3005D61E4 /* Instruction.storyboard in Resources */ = {isa = PBXBuildFile; fileRef = C000DFF323C498A3005D61E4 /* Instruction.storyboard */; };
		C000DFF623C49947005D61E4 /* StartupViewController.swift in Sources */ = {isa = PBXBuildFile; fileRef = C000DFF523C49947005D61E4 /* StartupViewController.swift */; };
		C000DFF723C4CB81005D61E4 /* Assets.xcassets in Resources */ = {isa = PBXBuildFile; fileRef = C0FF316623B8C9D000E84C4A /* Assets.xcassets */; };
		C000DFF823C4D25D005D61E4 /* InstructionViewController.swift in Sources */ = {isa = PBXBuildFile; fileRef = C06275B023BA445600BCE972 /* InstructionViewController.swift */; };
		C0109A6123C528B100542E5B /* SLNotificationName.swift in Sources */ = {isa = PBXBuildFile; fileRef = C0109A6023C528B100542E5B /* SLNotificationName.swift */; };
		C0109A6223C528F700542E5B /* SLNotificationName.swift in Sources */ = {isa = PBXBuildFile; fileRef = C0109A6023C528B100542E5B /* SLNotificationName.swift */; };
		C013560423BE55F100287A82 /* SLUserDefaultsService.swift in Sources */ = {isa = PBXBuildFile; fileRef = C013560323BE55F100287A82 /* SLUserDefaultsService.swift */; };
		C013560523BE567600287A82 /* SLUserDefaultsService.swift in Sources */ = {isa = PBXBuildFile; fileRef = C013560323BE55F100287A82 /* SLUserDefaultsService.swift */; };
		C03B0BE023BA6A9B0040DA37 /* ApiKeyMissingViewController.swift in Sources */ = {isa = PBXBuildFile; fileRef = C03B0BDF23BA6A9B0040DA37 /* ApiKeyMissingViewController.swift */; };
		C03B0BE223BA6B360040DA37 /* ApiKeyMissingViewController.xib in Resources */ = {isa = PBXBuildFile; fileRef = C03B0BE123BA6B360040DA37 /* ApiKeyMissingViewController.xib */; };
		C03B0BE523BA76550040DA37 /* ExtensionHomeViewController.swift in Sources */ = {isa = PBXBuildFile; fileRef = C03B0BE423BA76550040DA37 /* ExtensionHomeViewController.swift */; };
		C03B0BE723BA76960040DA37 /* ExtensionHomeViewController.xib in Resources */ = {isa = PBXBuildFile; fileRef = C03B0BE623BA76960040DA37 /* ExtensionHomeViewController.xib */; };
		C05587A523C22AAF00CA7418 /* SFSafariExtensionVCExtensions.swift in Sources */ = {isa = PBXBuildFile; fileRef = C05587A423C22AAF00CA7418 /* SFSafariExtensionVCExtensions.swift */; };
		C05587AA23C233E500CA7418 /* EmptyTableCellView.swift in Sources */ = {isa = PBXBuildFile; fileRef = C05587A923C233E500CA7418 /* EmptyTableCellView.swift */; };
		C05587AC23C233FE00CA7418 /* EmptyTableCellView.xib in Resources */ = {isa = PBXBuildFile; fileRef = C05587AB23C233FE00CA7418 /* EmptyTableCellView.xib */; };
		C06275B123BA445600BCE972 /* InstructionViewController.swift in Sources */ = {isa = PBXBuildFile; fileRef = C06275B023BA445600BCE972 /* InstructionViewController.swift */; };
		C062760923BA646300BCE972 /* Cocoa.framework in Frameworks */ = {isa = PBXBuildFile; fileRef = C06275B723BA46C400BCE972 /* Cocoa.framework */; };
		C062760C23BA646300BCE972 /* SafariExtensionHandler.swift in Sources */ = {isa = PBXBuildFile; fileRef = C062760B23BA646300BCE972 /* SafariExtensionHandler.swift */; };
		C062761A23BA646300BCE972 /* Safari Extension.appex in Embed App Extensions */ = {isa = PBXBuildFile; fileRef = C062760823BA646300BCE972 /* Safari Extension.appex */; settings = {ATTRIBUTES = (RemoveHeadersOnCopy, ); }; };
		C064846B23C1035C00AD97CA /* NSViewExtensions.swift in Sources */ = {isa = PBXBuildFile; fileRef = C064846A23C1035C00AD97CA /* NSViewExtensions.swift */; };
		C064846C23C1042F00AD97CA /* NSViewExtensions.swift in Sources */ = {isa = PBXBuildFile; fileRef = C064846A23C1035C00AD97CA /* NSViewExtensions.swift */; };
		C064846E23C1062100AD97CA /* NSAlertExtensions.swift in Sources */ = {isa = PBXBuildFile; fileRef = C064846D23C1062100AD97CA /* NSAlertExtensions.swift */; };
		C064846F23C1064100AD97CA /* NSAlertExtensions.swift in Sources */ = {isa = PBXBuildFile; fileRef = C064846D23C1062100AD97CA /* NSAlertExtensions.swift */; };
		C092EDB423C3CF9300F2D434 /* ToolbarItemIcon.pdf in Resources */ = {isa = PBXBuildFile; fileRef = C092EDB323C3CF9300F2D434 /* ToolbarItemIcon.pdf */; };
		C0BA379423C0C2F000F23554 /* StringExtensions.swift in Sources */ = {isa = PBXBuildFile; fileRef = C0BA379323C0C2F000F23554 /* StringExtensions.swift */; };
		C0BA379623C0C36600F23554 /* RegexHelpers.swift in Sources */ = {isa = PBXBuildFile; fileRef = C0BA379523C0C36600F23554 /* RegexHelpers.swift */; };
		C0BA379723C0C38100F23554 /* RegexHelpers.swift in Sources */ = {isa = PBXBuildFile; fileRef = C0BA379523C0C36600F23554 /* RegexHelpers.swift */; };
		C0BA379823C0C44E00F23554 /* StringExtensions.swift in Sources */ = {isa = PBXBuildFile; fileRef = C0BA379323C0C2F000F23554 /* StringExtensions.swift */; };
		C0BE6CB123BF3F470082C2C2 /* Statics.swift in Sources */ = {isa = PBXBuildFile; fileRef = C0BE6CB023BF3F470082C2C2 /* Statics.swift */; };
		C0BE6CB223BF3FFA0082C2C2 /* Statics.swift in Sources */ = {isa = PBXBuildFile; fileRef = C0BE6CB023BF3F470082C2C2 /* Statics.swift */; };
		C0BE6CED23BF68D40082C2C2 /* script.js in Resources */ = {isa = PBXBuildFile; fileRef = C0BE6CEC23BF68D40082C2C2 /* script.js */; };
		C0E6000623BFBFC60011982B /* UserOptions.swift in Sources */ = {isa = PBXBuildFile; fileRef = C0E86DE523B90DED00232B9A /* UserOptions.swift */; };
		C0E6000823BFBFEA0011982B /* SLApiService.swift in Sources */ = {isa = PBXBuildFile; fileRef = C0E6000723BFBFEA0011982B /* SLApiService.swift */; };
		C0E6000923BFC0670011982B /* SLError.swift in Sources */ = {isa = PBXBuildFile; fileRef = C0E86DE723B918A200232B9A /* SLError.swift */; };
		C0E6000A23BFC7D10011982B /* SLApiService.swift in Sources */ = {isa = PBXBuildFile; fileRef = C0E6000723BFBFEA0011982B /* SLApiService.swift */; };
		C0E6001023BFDDDD0011982B /* AliasTableCellView.swift in Sources */ = {isa = PBXBuildFile; fileRef = C0E6000F23BFDDDD0011982B /* AliasTableCellView.swift */; };
		C0E6001223BFDE200011982B /* AliasTableCellView.xib in Resources */ = {isa = PBXBuildFile; fileRef = C0E6001123BFDE200011982B /* AliasTableCellView.xib */; };
		C0E6001523BFEADF0011982B /* DisableableScrollView.swift in Sources */ = {isa = PBXBuildFile; fileRef = C0E6001423BFEADF0011982B /* DisableableScrollView.swift */; };
		C0E6001623BFEB3B0011982B /* DisableableScrollView.swift in Sources */ = {isa = PBXBuildFile; fileRef = C0E6001423BFEADF0011982B /* DisableableScrollView.swift */; };
		C0E86DE623B90DED00232B9A /* UserOptions.swift in Sources */ = {isa = PBXBuildFile; fileRef = C0E86DE523B90DED00232B9A /* UserOptions.swift */; };
		C0E86DE823B918A300232B9A /* SLError.swift in Sources */ = {isa = PBXBuildFile; fileRef = C0E86DE723B918A200232B9A /* SLError.swift */; };
		C0FC075E23C33F74002FB98B /* NSViewControllerExtensions.swift in Sources */ = {isa = PBXBuildFile; fileRef = C0FC075D23C33F74002FB98B /* NSViewControllerExtensions.swift */; };
		C0FC076023C33F96002FB98B /* HUD.storyboard in Resources */ = {isa = PBXBuildFile; fileRef = C0FC075F23C33F96002FB98B /* HUD.storyboard */; };
		C0FC076123C340E3002FB98B /* HUD.storyboard in Resources */ = {isa = PBXBuildFile; fileRef = C0FC075F23C33F96002FB98B /* HUD.storyboard */; };
		C0FC076223C346A5002FB98B /* NSViewControllerExtensions.swift in Sources */ = {isa = PBXBuildFile; fileRef = C0FC075D23C33F74002FB98B /* NSViewControllerExtensions.swift */; };
		C0FC076523C38BB8002FB98B /* NSMutableAttributedStringExtensions.swift in Sources */ = {isa = PBXBuildFile; fileRef = C0FC076423C38BB8002FB98B /* NSMutableAttributedStringExtensions.swift */; };
		C0FC076623C38C22002FB98B /* NSMutableAttributedStringExtensions.swift in Sources */ = {isa = PBXBuildFile; fileRef = C0FC076423C38BB8002FB98B /* NSMutableAttributedStringExtensions.swift */; };
		C0FF316323B8C9CA00E84C4A /* AppDelegate.swift in Sources */ = {isa = PBXBuildFile; fileRef = C0FF316223B8C9CA00E84C4A /* AppDelegate.swift */; };
		C0FF316523B8C9CA00E84C4A /* EnterApiKeyViewController.swift in Sources */ = {isa = PBXBuildFile; fileRef = C0FF316423B8C9CA00E84C4A /* EnterApiKeyViewController.swift */; };
		C0FF316723B8C9D000E84C4A /* Assets.xcassets in Resources */ = {isa = PBXBuildFile; fileRef = C0FF316623B8C9D000E84C4A /* Assets.xcassets */; };
		C0FF316A23B8C9D000E84C4A /* Main.storyboard in Resources */ = {isa = PBXBuildFile; fileRef = C0FF316823B8C9D000E84C4A /* Main.storyboard */; };
/* End PBXBuildFile section */

/* Begin PBXContainerItemProxy section */
		C062761823BA646300BCE972 /* PBXContainerItemProxy */ = {
			isa = PBXContainerItemProxy;
			containerPortal = C0FF315723B8C9CA00E84C4A /* Project object */;
			proxyType = 1;
			remoteGlobalIDString = C062760723BA646300BCE972;
			remoteInfo = "Safari Extension";
		};
/* End PBXContainerItemProxy section */

/* Begin PBXCopyFilesBuildPhase section */
		C06275CD23BA46C400BCE972 /* Embed App Extensions */ = {
			isa = PBXCopyFilesBuildPhase;
			buildActionMask = 2147483647;
			dstPath = "";
			dstSubfolderSpec = 13;
			files = (
				C062761A23BA646300BCE972 /* Safari Extension.appex in Embed App Extensions */,
			);
			name = "Embed App Extensions";
			runOnlyForDeploymentPostprocessing = 0;
		};
/* End PBXCopyFilesBuildPhase section */

/* Begin PBXFileReference section */
		1519C7D341643E85707BE92D /* Pods-Simple Login.release.xcconfig */ = {isa = PBXFileReference; includeInIndex = 1; lastKnownFileType = text.xcconfig; name = "Pods-Simple Login.release.xcconfig"; path = "Target Support Files/Pods-Simple Login/Pods-Simple Login.release.xcconfig"; sourceTree = "<group>"; };
		1691E2E66E8538DBD1DC6518 /* Pods_Simple_Login.framework */ = {isa = PBXFileReference; explicitFileType = wrapper.framework; includeInIndex = 0; path = Pods_Simple_Login.framework; sourceTree = BUILT_PRODUCTS_DIR; };
		2547DB9EB179F96F1D9B8E3A /* Pods-Safari Extension.debug.xcconfig */ = {isa = PBXFileReference; includeInIndex = 1; lastKnownFileType = text.xcconfig; name = "Pods-Safari Extension.debug.xcconfig"; path = "Target Support Files/Pods-Safari Extension/Pods-Safari Extension.debug.xcconfig"; sourceTree = "<group>"; };
		2B370421994539100B96BB43 /* Pods-Simple Login.debug.xcconfig */ = {isa = PBXFileReference; includeInIndex = 1; lastKnownFileType = text.xcconfig; name = "Pods-Simple Login.debug.xcconfig"; path = "Target Support Files/Pods-Simple Login/Pods-Simple Login.debug.xcconfig"; sourceTree = "<group>"; };
		3020AAC6B449F6AD315AA3BF /* Pods_Safari_Extension.framework */ = {isa = PBXFileReference; explicitFileType = wrapper.framework; includeInIndex = 0; path = Pods_Safari_Extension.framework; sourceTree = BUILT_PRODUCTS_DIR; };
		341742E4B284D7532740858F /* Pods-Safari Extension.release.xcconfig */ = {isa = PBXFileReference; includeInIndex = 1; lastKnownFileType = text.xcconfig; name = "Pods-Safari Extension.release.xcconfig"; path = "Target Support Files/Pods-Safari Extension/Pods-Safari Extension.release.xcconfig"; sourceTree = "<group>"; };
		C000DFED23C49235005D61E4 /* UserInfo.swift */ = {isa = PBXFileReference; lastKnownFileType = sourcecode.swift; path = UserInfo.swift; sourceTree = "<group>"; };
		C000DFF123C49899005D61E4 /* EnterApiKey.storyboard */ = {isa = PBXFileReference; lastKnownFileType = file.storyboard; path = EnterApiKey.storyboard; sourceTree = "<group>"; };
		C000DFF323C498A3005D61E4 /* Instruction.storyboard */ = {isa = PBXFileReference; lastKnownFileType = file.storyboard; path = Instruction.storyboard; sourceTree = "<group>"; };
		C000DFF523C49947005D61E4 /* StartupViewController.swift */ = {isa = PBXFileReference; lastKnownFileType = sourcecode.swift; path = StartupViewController.swift; sourceTree = "<group>"; };
		C0109A6023C528B100542E5B /* SLNotificationName.swift */ = {isa = PBXFileReference; lastKnownFileType = sourcecode.swift; path = SLNotificationName.swift; sourceTree = "<group>"; };
		C013560323BE55F100287A82 /* SLUserDefaultsService.swift */ = {isa = PBXFileReference; lastKnownFileType = sourcecode.swift; path = SLUserDefaultsService.swift; sourceTree = "<group>"; };
		C03B0BDF23BA6A9B0040DA37 /* ApiKeyMissingViewController.swift */ = {isa = PBXFileReference; lastKnownFileType = sourcecode.swift; path = ApiKeyMissingViewController.swift; sourceTree = "<group>"; };
		C03B0BE123BA6B360040DA37 /* ApiKeyMissingViewController.xib */ = {isa = PBXFileReference; lastKnownFileType = file.xib; path = ApiKeyMissingViewController.xib; sourceTree = "<group>"; };
		C03B0BE423BA76550040DA37 /* ExtensionHomeViewController.swift */ = {isa = PBXFileReference; lastKnownFileType = sourcecode.swift; path = ExtensionHomeViewController.swift; sourceTree = "<group>"; };
		C03B0BE623BA76960040DA37 /* ExtensionHomeViewController.xib */ = {isa = PBXFileReference; lastKnownFileType = file.xib; path = ExtensionHomeViewController.xib; sourceTree = "<group>"; };
		C05587A423C22AAF00CA7418 /* SFSafariExtensionVCExtensions.swift */ = {isa = PBXFileReference; lastKnownFileType = sourcecode.swift; path = SFSafariExtensionVCExtensions.swift; sourceTree = "<group>"; };
		C05587A923C233E500CA7418 /* EmptyTableCellView.swift */ = {isa = PBXFileReference; lastKnownFileType = sourcecode.swift; path = EmptyTableCellView.swift; sourceTree = "<group>"; };
		C05587AB23C233FE00CA7418 /* EmptyTableCellView.xib */ = {isa = PBXFileReference; lastKnownFileType = file.xib; path = EmptyTableCellView.xib; sourceTree = "<group>"; };
		C06275B023BA445600BCE972 /* InstructionViewController.swift */ = {isa = PBXFileReference; fileEncoding = 4; lastKnownFileType = sourcecode.swift; path = InstructionViewController.swift; sourceTree = "<group>"; };
		C06275B723BA46C400BCE972 /* Cocoa.framework */ = {isa = PBXFileReference; lastKnownFileType = wrapper.framework; name = Cocoa.framework; path = System/Library/Frameworks/Cocoa.framework; sourceTree = SDKROOT; };
		C062760823BA646300BCE972 /* Safari Extension.appex */ = {isa = PBXFileReference; explicitFileType = "wrapper.app-extension"; includeInIndex = 0; path = "Safari Extension.appex"; sourceTree = BUILT_PRODUCTS_DIR; };
		C062760B23BA646300BCE972 /* SafariExtensionHandler.swift */ = {isa = PBXFileReference; lastKnownFileType = sourcecode.swift; path = SafariExtensionHandler.swift; sourceTree = "<group>"; };
		C062761223BA646300BCE972 /* Info.plist */ = {isa = PBXFileReference; lastKnownFileType = text.plist.xml; path = Info.plist; sourceTree = "<group>"; };
		C062761723BA646300BCE972 /* Safari_Extension.entitlements */ = {isa = PBXFileReference; lastKnownFileType = text.plist.entitlements; path = Safari_Extension.entitlements; sourceTree = "<group>"; };
		C064846A23C1035C00AD97CA /* NSViewExtensions.swift */ = {isa = PBXFileReference; lastKnownFileType = sourcecode.swift; path = NSViewExtensions.swift; sourceTree = "<group>"; };
		C064846D23C1062100AD97CA /* NSAlertExtensions.swift */ = {isa = PBXFileReference; lastKnownFileType = sourcecode.swift; path = NSAlertExtensions.swift; sourceTree = "<group>"; };
		C092EDB323C3CF9300F2D434 /* ToolbarItemIcon.pdf */ = {isa = PBXFileReference; lastKnownFileType = image.pdf; path = ToolbarItemIcon.pdf; sourceTree = "<group>"; };
		C0BA379323C0C2F000F23554 /* StringExtensions.swift */ = {isa = PBXFileReference; lastKnownFileType = sourcecode.swift; path = StringExtensions.swift; sourceTree = "<group>"; };
		C0BA379523C0C36600F23554 /* RegexHelpers.swift */ = {isa = PBXFileReference; lastKnownFileType = sourcecode.swift; path = RegexHelpers.swift; sourceTree = "<group>"; };
		C0BE6CB023BF3F470082C2C2 /* Statics.swift */ = {isa = PBXFileReference; lastKnownFileType = sourcecode.swift; path = Statics.swift; sourceTree = "<group>"; };
		C0BE6CEC23BF68D40082C2C2 /* script.js */ = {isa = PBXFileReference; lastKnownFileType = sourcecode.javascript; path = script.js; sourceTree = "<group>"; };
		C0E6000723BFBFEA0011982B /* SLApiService.swift */ = {isa = PBXFileReference; lastKnownFileType = sourcecode.swift; path = SLApiService.swift; sourceTree = "<group>"; };
		C0E6000F23BFDDDD0011982B /* AliasTableCellView.swift */ = {isa = PBXFileReference; lastKnownFileType = sourcecode.swift; path = AliasTableCellView.swift; sourceTree = "<group>"; };
		C0E6001123BFDE200011982B /* AliasTableCellView.xib */ = {isa = PBXFileReference; lastKnownFileType = file.xib; path = AliasTableCellView.xib; sourceTree = "<group>"; };
		C0E6001423BFEADF0011982B /* DisableableScrollView.swift */ = {isa = PBXFileReference; lastKnownFileType = sourcecode.swift; path = DisableableScrollView.swift; sourceTree = "<group>"; };
		C0E86DE523B90DED00232B9A /* UserOptions.swift */ = {isa = PBXFileReference; lastKnownFileType = sourcecode.swift; path = UserOptions.swift; sourceTree = "<group>"; };
		C0E86DE723B918A200232B9A /* SLError.swift */ = {isa = PBXFileReference; lastKnownFileType = sourcecode.swift; path = SLError.swift; sourceTree = "<group>"; };
		C0FC075D23C33F74002FB98B /* NSViewControllerExtensions.swift */ = {isa = PBXFileReference; lastKnownFileType = sourcecode.swift; path = NSViewControllerExtensions.swift; sourceTree = "<group>"; };
		C0FC075F23C33F96002FB98B /* HUD.storyboard */ = {isa = PBXFileReference; lastKnownFileType = file.storyboard; path = HUD.storyboard; sourceTree = "<group>"; };
		C0FC076423C38BB8002FB98B /* NSMutableAttributedStringExtensions.swift */ = {isa = PBXFileReference; lastKnownFileType = sourcecode.swift; path = NSMutableAttributedStringExtensions.swift; sourceTree = "<group>"; };
		C0FF315F23B8C9CA00E84C4A /* Simple Login.app */ = {isa = PBXFileReference; explicitFileType = wrapper.application; includeInIndex = 0; path = "Simple Login.app"; sourceTree = BUILT_PRODUCTS_DIR; };
		C0FF316223B8C9CA00E84C4A /* AppDelegate.swift */ = {isa = PBXFileReference; lastKnownFileType = sourcecode.swift; path = AppDelegate.swift; sourceTree = "<group>"; };
		C0FF316423B8C9CA00E84C4A /* EnterApiKeyViewController.swift */ = {isa = PBXFileReference; lastKnownFileType = sourcecode.swift; path = EnterApiKeyViewController.swift; sourceTree = "<group>"; };
		C0FF316623B8C9D000E84C4A /* Assets.xcassets */ = {isa = PBXFileReference; lastKnownFileType = folder.assetcatalog; path = Assets.xcassets; sourceTree = "<group>"; };
		C0FF316923B8C9D000E84C4A /* Base */ = {isa = PBXFileReference; lastKnownFileType = file.storyboard; name = Base; path = Base.lproj/Main.storyboard; sourceTree = "<group>"; };
		C0FF316B23B8C9D000E84C4A /* Info.plist */ = {isa = PBXFileReference; lastKnownFileType = text.plist.xml; path = Info.plist; sourceTree = "<group>"; };
		C0FF316C23B8C9D000E84C4A /* Simple_Login.entitlements */ = {isa = PBXFileReference; lastKnownFileType = text.plist.entitlements; path = Simple_Login.entitlements; sourceTree = "<group>"; };
/* End PBXFileReference section */

/* Begin PBXFrameworksBuildPhase section */
		C062760523BA646300BCE972 /* Frameworks */ = {
			isa = PBXFrameworksBuildPhase;
			buildActionMask = 2147483647;
			files = (
				C062760923BA646300BCE972 /* Cocoa.framework in Frameworks */,
				BC264B3A74C13B324BE7166B /* Pods_Safari_Extension.framework in Frameworks */,
			);
			runOnlyForDeploymentPostprocessing = 0;
		};
		C0FF315C23B8C9CA00E84C4A /* Frameworks */ = {
			isa = PBXFrameworksBuildPhase;
			buildActionMask = 2147483647;
			files = (
				5AC694411C3D496346052EFF /* Pods_Simple_Login.framework in Frameworks */,
			);
			runOnlyForDeploymentPostprocessing = 0;
		};
/* End PBXFrameworksBuildPhase section */

/* Begin PBXGroup section */
		9BD3871D830F512B3DB487A4 /* Pods */ = {
			isa = PBXGroup;
			children = (
				2B370421994539100B96BB43 /* Pods-Simple Login.debug.xcconfig */,
				1519C7D341643E85707BE92D /* Pods-Simple Login.release.xcconfig */,
				2547DB9EB179F96F1D9B8E3A /* Pods-Safari Extension.debug.xcconfig */,
				341742E4B284D7532740858F /* Pods-Safari Extension.release.xcconfig */,
			);
			path = Pods;
			sourceTree = "<group>";
		};
		C000DFF023C49880005D61E4 /* Storyboards */ = {
			isa = PBXGroup;
			children = (
				C0FF316823B8C9D000E84C4A /* Main.storyboard */,
				C000DFF123C49899005D61E4 /* EnterApiKey.storyboard */,
				C000DFF323C498A3005D61E4 /* Instruction.storyboard */,
				C0FC075F23C33F96002FB98B /* HUD.storyboard */,
			);
			path = Storyboards;
			sourceTree = "<group>";
		};
		C03B0BD823BA68020040DA37 /* Services */ = {
			isa = PBXGroup;
			children = (
				C013560323BE55F100287A82 /* SLUserDefaultsService.swift */,
				C0E6000723BFBFEA0011982B /* SLApiService.swift */,
			);
			path = Services;
			sourceTree = "<group>";
		};
		C03B0BDD23BA6A6E0040DA37 /* Controllers */ = {
			isa = PBXGroup;
			children = (
				C03B0BE323BA76180040DA37 /* ExtensionHomeViewController */,
				C03B0BDE23BA6A770040DA37 /* ApiKeyMissingViewController */,
			);
			path = Controllers;
			sourceTree = "<group>";
		};
		C03B0BDE23BA6A770040DA37 /* ApiKeyMissingViewController */ = {
			isa = PBXGroup;
			children = (
				C03B0BDF23BA6A9B0040DA37 /* ApiKeyMissingViewController.swift */,
				C03B0BE123BA6B360040DA37 /* ApiKeyMissingViewController.xib */,
			);
			path = ApiKeyMissingViewController;
			sourceTree = "<group>";
		};
		C03B0BE323BA76180040DA37 /* ExtensionHomeViewController */ = {
			isa = PBXGroup;
			children = (
				C03B0BE423BA76550040DA37 /* ExtensionHomeViewController.swift */,
				C03B0BE623BA76960040DA37 /* ExtensionHomeViewController.xib */,
			);
			path = ExtensionHomeViewController;
			sourceTree = "<group>";
		};
		C055879D23C22A3800CA7418 /* Utilities */ = {
			isa = PBXGroup;
			children = (
				C05587A423C22AAF00CA7418 /* SFSafariExtensionVCExtensions.swift */,
			);
			path = Utilities;
			sourceTree = "<group>";
		};
		C05587A823C233D600CA7418 /* EmptyTableCellView */ = {
			isa = PBXGroup;
			children = (
				C05587A923C233E500CA7418 /* EmptyTableCellView.swift */,
				C05587AB23C233FE00CA7418 /* EmptyTableCellView.xib */,
			);
			path = EmptyTableCellView;
			sourceTree = "<group>";
		};
		C062760A23BA646300BCE972 /* Safari Extension */ = {
			isa = PBXGroup;
			children = (
				C055879D23C22A3800CA7418 /* Utilities */,
				C0E6000B23BFDD710011982B /* Views */,
				C03B0BDD23BA6A6E0040DA37 /* Controllers */,
				C062760B23BA646300BCE972 /* SafariExtensionHandler.swift */,
				C092EDB323C3CF9300F2D434 /* ToolbarItemIcon.pdf */,
				C062761223BA646300BCE972 /* Info.plist */,
				C062761723BA646300BCE972 /* Safari_Extension.entitlements */,
				C0BE6CEC23BF68D40082C2C2 /* script.js */,
			);
			path = "Safari Extension";
			sourceTree = "<group>";
		};
		C0BE6CAF23BF3F2D0082C2C2 /* Utilities */ = {
			isa = PBXGroup;
			children = (
				C0BE6CB023BF3F470082C2C2 /* Statics.swift */,
				C0BA379323C0C2F000F23554 /* StringExtensions.swift */,
				C0BA379523C0C36600F23554 /* RegexHelpers.swift */,
				C064846A23C1035C00AD97CA /* NSViewExtensions.swift */,
				C064846D23C1062100AD97CA /* NSAlertExtensions.swift */,
				C0FC075D23C33F74002FB98B /* NSViewControllerExtensions.swift */,
				C0FC076423C38BB8002FB98B /* NSMutableAttributedStringExtensions.swift */,
			);
			path = Utilities;
			sourceTree = "<group>";
		};
		C0E6000B23BFDD710011982B /* Views */ = {
			isa = PBXGroup;
			children = (
				C05587A823C233D600CA7418 /* EmptyTableCellView */,
				C0E6000C23BFDD790011982B /* AliasTableCellView */,
			);
			path = Views;
			sourceTree = "<group>";
		};
		C0E6000C23BFDD790011982B /* AliasTableCellView */ = {
			isa = PBXGroup;
			children = (
				C0E6000F23BFDDDD0011982B /* AliasTableCellView.swift */,
				C0E6001123BFDE200011982B /* AliasTableCellView.xib */,
			);
			path = AliasTableCellView;
			sourceTree = "<group>";
		};
		C0E6001323BFEAC10011982B /* Views */ = {
			isa = PBXGroup;
			children = (
				C0E6001423BFEADF0011982B /* DisableableScrollView.swift */,
			);
			path = Views;
			sourceTree = "<group>";
		};
		C0E86DE423B90D6600232B9A /* Models */ = {
			isa = PBXGroup;
			children = (
				C0E86DE523B90DED00232B9A /* UserOptions.swift */,
				C000DFED23C49235005D61E4 /* UserInfo.swift */,
				C0E86DE723B918A200232B9A /* SLError.swift */,
				C0109A6023C528B100542E5B /* SLNotificationName.swift */,
			);
			path = Models;
			sourceTree = "<group>";
		};
		C0FF315623B8C9CA00E84C4A = {
			isa = PBXGroup;
			children = (
				C0FF316123B8C9CA00E84C4A /* Simple Login */,
				C062760A23BA646300BCE972 /* Safari Extension */,
				C0FF316023B8C9CA00E84C4A /* Products */,
				9BD3871D830F512B3DB487A4 /* Pods */,
				CE8CCC2C9D999C8ED4C3DE04 /* Frameworks */,
			);
			sourceTree = "<group>";
		};
		C0FF316023B8C9CA00E84C4A /* Products */ = {
			isa = PBXGroup;
			children = (
				C0FF315F23B8C9CA00E84C4A /* Simple Login.app */,
				C062760823BA646300BCE972 /* Safari Extension.appex */,
			);
			name = Products;
			sourceTree = "<group>";
		};
		C0FF316123B8C9CA00E84C4A /* Simple Login */ = {
			isa = PBXGroup;
			children = (
				C000DFF023C49880005D61E4 /* Storyboards */,
				C0E6001323BFEAC10011982B /* Views */,
				C0BE6CAF23BF3F2D0082C2C2 /* Utilities */,
				C03B0BD823BA68020040DA37 /* Services */,
				C0E86DE423B90D6600232B9A /* Models */,
				C0FF317223B8D67000E84C4A /* Controllers */,
				C0FF316223B8C9CA00E84C4A /* AppDelegate.swift */,
				C0FF316623B8C9D000E84C4A /* Assets.xcassets */,
				C0FF316B23B8C9D000E84C4A /* Info.plist */,
				C0FF316C23B8C9D000E84C4A /* Simple_Login.entitlements */,
			);
			path = "Simple Login";
			sourceTree = "<group>";
		};
		C0FF317223B8D67000E84C4A /* Controllers */ = {
			isa = PBXGroup;
			children = (
				C0FF316423B8C9CA00E84C4A /* EnterApiKeyViewController.swift */,
				C06275B023BA445600BCE972 /* InstructionViewController.swift */,
				C000DFF523C49947005D61E4 /* StartupViewController.swift */,
			);
			path = Controllers;
			sourceTree = "<group>";
		};
		CE8CCC2C9D999C8ED4C3DE04 /* Frameworks */ = {
			isa = PBXGroup;
			children = (
				1691E2E66E8538DBD1DC6518 /* Pods_Simple_Login.framework */,
				C06275B723BA46C400BCE972 /* Cocoa.framework */,
				3020AAC6B449F6AD315AA3BF /* Pods_Safari_Extension.framework */,
			);
			name = Frameworks;
			sourceTree = "<group>";
		};
/* End PBXGroup section */

/* Begin PBXNativeTarget section */
		C062760723BA646300BCE972 /* Safari Extension */ = {
			isa = PBXNativeTarget;
			buildConfigurationList = C062761D23BA646300BCE972 /* Build configuration list for PBXNativeTarget "Safari Extension" */;
			buildPhases = (
				029ECEBC59953B14A60A5E0B /* [CP] Check Pods Manifest.lock */,
				C062760423BA646300BCE972 /* Sources */,
				C062760523BA646300BCE972 /* Frameworks */,
				C062760623BA646300BCE972 /* Resources */,
			);
			buildRules = (
			);
			dependencies = (
			);
			name = "Safari Extension";
			productName = "Safari Extension";
			productReference = C062760823BA646300BCE972 /* Safari Extension.appex */;
			productType = "com.apple.product-type.app-extension";
		};
		C0FF315E23B8C9CA00E84C4A /* Simple Login */ = {
			isa = PBXNativeTarget;
			buildConfigurationList = C0FF316F23B8C9D000E84C4A /* Build configuration list for PBXNativeTarget "Simple Login" */;
			buildPhases = (
				A041668006C8822810ED2192 /* [CP] Check Pods Manifest.lock */,
				C0FF315B23B8C9CA00E84C4A /* Sources */,
				C0FF315C23B8C9CA00E84C4A /* Frameworks */,
				C0FF315D23B8C9CA00E84C4A /* Resources */,
				4CBEF6ABBC761BA140624684 /* [CP] Embed Pods Frameworks */,
				C06275CD23BA46C400BCE972 /* Embed App Extensions */,
			);
			buildRules = (
			);
			dependencies = (
				C062761923BA646300BCE972 /* PBXTargetDependency */,
			);
			name = "Simple Login";
			productName = "Simple Login";
			productReference = C0FF315F23B8C9CA00E84C4A /* Simple Login.app */;
			productType = "com.apple.product-type.application";
		};
/* End PBXNativeTarget section */

/* Begin PBXProject section */
		C0FF315723B8C9CA00E84C4A /* Project object */ = {
			isa = PBXProject;
			attributes = {
				LastSwiftUpdateCheck = 1130;
				LastUpgradeCheck = 1130;
				ORGANIZATIONNAME = SimpleLogin;
				TargetAttributes = {
					C062760723BA646300BCE972 = {
						CreatedOnToolsVersion = 11.3;
					};
					C0FF315E23B8C9CA00E84C4A = {
						CreatedOnToolsVersion = 11.3;
					};
				};
			};
			buildConfigurationList = C0FF315A23B8C9CA00E84C4A /* Build configuration list for PBXProject "Simple Login" */;
			compatibilityVersion = "Xcode 9.3";
			developmentRegion = en;
			hasScannedForEncodings = 0;
			knownRegions = (
				en,
				Base,
			);
			mainGroup = C0FF315623B8C9CA00E84C4A;
			productRefGroup = C0FF316023B8C9CA00E84C4A /* Products */;
			projectDirPath = "";
			projectRoot = "";
			targets = (
				C0FF315E23B8C9CA00E84C4A /* Simple Login */,
				C062760723BA646300BCE972 /* Safari Extension */,
			);
		};
/* End PBXProject section */

/* Begin PBXResourcesBuildPhase section */
		C062760623BA646300BCE972 /* Resources */ = {
			isa = PBXResourcesBuildPhase;
			buildActionMask = 2147483647;
			files = (
				C0E6001223BFDE200011982B /* AliasTableCellView.xib in Resources */,
				C03B0BE223BA6B360040DA37 /* ApiKeyMissingViewController.xib in Resources */,
				C0BE6CED23BF68D40082C2C2 /* script.js in Resources */,
				C03B0BE723BA76960040DA37 /* ExtensionHomeViewController.xib in Resources */,
				C0FC076123C340E3002FB98B /* HUD.storyboard in Resources */,
				C092EDB423C3CF9300F2D434 /* ToolbarItemIcon.pdf in Resources */,
				C000DFF723C4CB81005D61E4 /* Assets.xcassets in Resources */,
				C05587AC23C233FE00CA7418 /* EmptyTableCellView.xib in Resources */,
			);
			runOnlyForDeploymentPostprocessing = 0;
		};
		C0FF315D23B8C9CA00E84C4A /* Resources */ = {
			isa = PBXResourcesBuildPhase;
			buildActionMask = 2147483647;
			files = (
				C0FC076023C33F96002FB98B /* HUD.storyboard in Resources */,
				C000DFF423C498A3005D61E4 /* Instruction.storyboard in Resources */,
				C0FF316723B8C9D000E84C4A /* Assets.xcassets in Resources */,
				C000DFF223C49899005D61E4 /* EnterApiKey.storyboard in Resources */,
				C0FF316A23B8C9D000E84C4A /* Main.storyboard in Resources */,
			);
			runOnlyForDeploymentPostprocessing = 0;
		};
/* End PBXResourcesBuildPhase section */

/* Begin PBXShellScriptBuildPhase section */
		029ECEBC59953B14A60A5E0B /* [CP] Check Pods Manifest.lock */ = {
			isa = PBXShellScriptBuildPhase;
			buildActionMask = 2147483647;
			files = (
			);
			inputFileListPaths = (
			);
			inputPaths = (
				"${PODS_PODFILE_DIR_PATH}/Podfile.lock",
				"${PODS_ROOT}/Manifest.lock",
			);
			name = "[CP] Check Pods Manifest.lock";
			outputFileListPaths = (
			);
			outputPaths = (
				"$(DERIVED_FILE_DIR)/Pods-Safari Extension-checkManifestLockResult.txt",
			);
			runOnlyForDeploymentPostprocessing = 0;
			shellPath = /bin/sh;
			shellScript = "diff \"${PODS_PODFILE_DIR_PATH}/Podfile.lock\" \"${PODS_ROOT}/Manifest.lock\" > /dev/null\nif [ $? != 0 ] ; then\n    # print error to STDERR\n    echo \"error: The sandbox is not in sync with the Podfile.lock. Run 'pod install' or update your CocoaPods installation.\" >&2\n    exit 1\nfi\n# This output is used by Xcode 'outputs' to avoid re-running this script phase.\necho \"SUCCESS\" > \"${SCRIPT_OUTPUT_FILE_0}\"\n";
			showEnvVarsInLog = 0;
		};
		4CBEF6ABBC761BA140624684 /* [CP] Embed Pods Frameworks */ = {
			isa = PBXShellScriptBuildPhase;
			buildActionMask = 2147483647;
			files = (
			);
			inputFileListPaths = (
				"${PODS_ROOT}/Target Support Files/Pods-Simple Login/Pods-Simple Login-frameworks-${CONFIGURATION}-input-files.xcfilelist",
			);
			name = "[CP] Embed Pods Frameworks";
			outputFileListPaths = (
				"${PODS_ROOT}/Target Support Files/Pods-Simple Login/Pods-Simple Login-frameworks-${CONFIGURATION}-output-files.xcfilelist",
			);
			runOnlyForDeploymentPostprocessing = 0;
			shellPath = /bin/sh;
			shellScript = "\"${PODS_ROOT}/Target Support Files/Pods-Simple Login/Pods-Simple Login-frameworks.sh\"\n";
			showEnvVarsInLog = 0;
		};
		A041668006C8822810ED2192 /* [CP] Check Pods Manifest.lock */ = {
			isa = PBXShellScriptBuildPhase;
			buildActionMask = 2147483647;
			files = (
			);
			inputFileListPaths = (
			);
			inputPaths = (
				"${PODS_PODFILE_DIR_PATH}/Podfile.lock",
				"${PODS_ROOT}/Manifest.lock",
			);
			name = "[CP] Check Pods Manifest.lock";
			outputFileListPaths = (
			);
			outputPaths = (
				"$(DERIVED_FILE_DIR)/Pods-Simple Login-checkManifestLockResult.txt",
			);
			runOnlyForDeploymentPostprocessing = 0;
			shellPath = /bin/sh;
			shellScript = "diff \"${PODS_PODFILE_DIR_PATH}/Podfile.lock\" \"${PODS_ROOT}/Manifest.lock\" > /dev/null\nif [ $? != 0 ] ; then\n    # print error to STDERR\n    echo \"error: The sandbox is not in sync with the Podfile.lock. Run 'pod install' or update your CocoaPods installation.\" >&2\n    exit 1\nfi\n# This output is used by Xcode 'outputs' to avoid re-running this script phase.\necho \"SUCCESS\" > \"${SCRIPT_OUTPUT_FILE_0}\"\n";
			showEnvVarsInLog = 0;
		};
/* End PBXShellScriptBuildPhase section */

/* Begin PBXSourcesBuildPhase section */
		C062760423BA646300BCE972 /* Sources */ = {
			isa = PBXSourcesBuildPhase;
			buildActionMask = 2147483647;
			files = (
				C000DFEF23C492D5005D61E4 /* UserInfo.swift in Sources */,
				C0FC076223C346A5002FB98B /* NSViewControllerExtensions.swift in Sources */,
				C0BA379823C0C44E00F23554 /* StringExtensions.swift in Sources */,
				C064846F23C1064100AD97CA /* NSAlertExtensions.swift in Sources */,
				C0E6001623BFEB3B0011982B /* DisableableScrollView.swift in Sources */,
				C0109A6223C528F700542E5B /* SLNotificationName.swift in Sources */,
				C0FC076623C38C22002FB98B /* NSMutableAttributedStringExtensions.swift in Sources */,
				C03B0BE023BA6A9B0040DA37 /* ApiKeyMissingViewController.swift in Sources */,
				C0E6000923BFC0670011982B /* SLError.swift in Sources */,
				C05587AA23C233E500CA7418 /* EmptyTableCellView.swift in Sources */,
				C0BA379723C0C38100F23554 /* RegexHelpers.swift in Sources */,
				C0E6001023BFDDDD0011982B /* AliasTableCellView.swift in Sources */,
				C062760C23BA646300BCE972 /* SafariExtensionHandler.swift in Sources */,
				C0E6000623BFBFC60011982B /* UserOptions.swift in Sources */,
				C0BE6CB223BF3FFA0082C2C2 /* Statics.swift in Sources */,
				C05587A523C22AAF00CA7418 /* SFSafariExtensionVCExtensions.swift in Sources */,
				C000DFF823C4D25D005D61E4 /* InstructionViewController.swift in Sources */,
				C03B0BE523BA76550040DA37 /* ExtensionHomeViewController.swift in Sources */,
				C064846C23C1042F00AD97CA /* NSViewExtensions.swift in Sources */,
				C013560523BE567600287A82 /* SLUserDefaultsService.swift in Sources */,
				C0E6000A23BFC7D10011982B /* SLApiService.swift in Sources */,
			);
			runOnlyForDeploymentPostprocessing = 0;
		};
		C0FF315B23B8C9CA00E84C4A /* Sources */ = {
			isa = PBXSourcesBuildPhase;
			buildActionMask = 2147483647;
			files = (
				C013560423BE55F100287A82 /* SLUserDefaultsService.swift in Sources */,
				C064846B23C1035C00AD97CA /* NSViewExtensions.swift in Sources */,
				C06275B123BA445600BCE972 /* InstructionViewController.swift in Sources */,
				C0BA379423C0C2F000F23554 /* StringExtensions.swift in Sources */,
				C000DFEE23C49235005D61E4 /* UserInfo.swift in Sources */,
				C0BA379623C0C36600F23554 /* RegexHelpers.swift in Sources */,
				C0FF316523B8C9CA00E84C4A /* EnterApiKeyViewController.swift in Sources */,
				C000DFF623C49947005D61E4 /* StartupViewController.swift in Sources */,
				C0FC075E23C33F74002FB98B /* NSViewControllerExtensions.swift in Sources */,
				C0E86DE823B918A300232B9A /* SLError.swift in Sources */,
				C0FF316323B8C9CA00E84C4A /* AppDelegate.swift in Sources */,
				C0E86DE623B90DED00232B9A /* UserOptions.swift in Sources */,
				C0FC076523C38BB8002FB98B /* NSMutableAttributedStringExtensions.swift in Sources */,
				C0E6001523BFEADF0011982B /* DisableableScrollView.swift in Sources */,
				C0109A6123C528B100542E5B /* SLNotificationName.swift in Sources */,
				C0BE6CB123BF3F470082C2C2 /* Statics.swift in Sources */,
				C064846E23C1062100AD97CA /* NSAlertExtensions.swift in Sources */,
				C0E6000823BFBFEA0011982B /* SLApiService.swift in Sources */,
			);
			runOnlyForDeploymentPostprocessing = 0;
		};
/* End PBXSourcesBuildPhase section */

/* Begin PBXTargetDependency section */
		C062761923BA646300BCE972 /* PBXTargetDependency */ = {
			isa = PBXTargetDependency;
			target = C062760723BA646300BCE972 /* Safari Extension */;
			targetProxy = C062761823BA646300BCE972 /* PBXContainerItemProxy */;
		};
/* End PBXTargetDependency section */

/* Begin PBXVariantGroup section */
		C0FF316823B8C9D000E84C4A /* Main.storyboard */ = {
			isa = PBXVariantGroup;
			children = (
				C0FF316923B8C9D000E84C4A /* Base */,
			);
			name = Main.storyboard;
			sourceTree = "<group>";
		};
/* End PBXVariantGroup section */

/* Begin XCBuildConfiguration section */
		C062761B23BA646300BCE972 /* Debug */ = {
			isa = XCBuildConfiguration;
			baseConfigurationReference = 2547DB9EB179F96F1D9B8E3A /* Pods-Safari Extension.debug.xcconfig */;
			buildSettings = {
				CODE_SIGN_ENTITLEMENTS = "Safari Extension/Safari_Extension.entitlements";
				CODE_SIGN_IDENTITY = "Apple Development";
				CODE_SIGN_STYLE = Automatic;
				CURRENT_PROJECT_VERSION = 1;
				DEVELOPMENT_TEAM = 975H7B86B7;
				ENABLE_HARDENED_RUNTIME = YES;
				INFOPLIST_FILE = "Safari Extension/Info.plist";
				LD_RUNPATH_SEARCH_PATHS = (
					"$(inherited)",
					"@executable_path/../Frameworks",
					"@executable_path/../../../../Frameworks",
				);
				MACOSX_DEPLOYMENT_TARGET = 10.12;
				MARKETING_VERSION = 1.2;
				PRODUCT_BUNDLE_IDENTIFIER = "io.simplelogin.macapp.safari-extension";
				PRODUCT_NAME = "$(TARGET_NAME)";
				SKIP_INSTALL = YES;
				SWIFT_VERSION = 5.0;
			};
			name = Debug;
		};
		C062761C23BA646300BCE972 /* Release */ = {
			isa = XCBuildConfiguration;
			baseConfigurationReference = 341742E4B284D7532740858F /* Pods-Safari Extension.release.xcconfig */;
			buildSettings = {
				CODE_SIGN_ENTITLEMENTS = "Safari Extension/Safari_Extension.entitlements";
				CODE_SIGN_IDENTITY = "Apple Development";
				CODE_SIGN_STYLE = Automatic;
				CURRENT_PROJECT_VERSION = 1;
				DEVELOPMENT_TEAM = 975H7B86B7;
				ENABLE_HARDENED_RUNTIME = YES;
				INFOPLIST_FILE = "Safari Extension/Info.plist";
				LD_RUNPATH_SEARCH_PATHS = (
					"$(inherited)",
					"@executable_path/../Frameworks",
					"@executable_path/../../../../Frameworks",
				);
				MACOSX_DEPLOYMENT_TARGET = 10.12;
				MARKETING_VERSION = 1.2;
				PRODUCT_BUNDLE_IDENTIFIER = "io.simplelogin.macapp.safari-extension";
				PRODUCT_NAME = "$(TARGET_NAME)";
				SKIP_INSTALL = YES;
				SWIFT_VERSION = 5.0;
			};
			name = Release;
		};
		C0FF316D23B8C9D000E84C4A /* Debug */ = {
			isa = XCBuildConfiguration;
			buildSettings = {
				ALWAYS_SEARCH_USER_PATHS = NO;
				CLANG_ANALYZER_NONNULL = YES;
				CLANG_ANALYZER_NUMBER_OBJECT_CONVERSION = YES_AGGRESSIVE;
				CLANG_CXX_LANGUAGE_STANDARD = "gnu++14";
				CLANG_CXX_LIBRARY = "libc++";
				CLANG_ENABLE_MODULES = YES;
				CLANG_ENABLE_OBJC_ARC = YES;
				CLANG_ENABLE_OBJC_WEAK = YES;
				CLANG_WARN_BLOCK_CAPTURE_AUTORELEASING = YES;
				CLANG_WARN_BOOL_CONVERSION = YES;
				CLANG_WARN_COMMA = YES;
				CLANG_WARN_CONSTANT_CONVERSION = YES;
				CLANG_WARN_DEPRECATED_OBJC_IMPLEMENTATIONS = YES;
				CLANG_WARN_DIRECT_OBJC_ISA_USAGE = YES_ERROR;
				CLANG_WARN_DOCUMENTATION_COMMENTS = YES;
				CLANG_WARN_EMPTY_BODY = YES;
				CLANG_WARN_ENUM_CONVERSION = YES;
				CLANG_WARN_INFINITE_RECURSION = YES;
				CLANG_WARN_INT_CONVERSION = YES;
				CLANG_WARN_NON_LITERAL_NULL_CONVERSION = YES;
				CLANG_WARN_OBJC_IMPLICIT_RETAIN_SELF = YES;
				CLANG_WARN_OBJC_LITERAL_CONVERSION = YES;
				CLANG_WARN_OBJC_ROOT_CLASS = YES_ERROR;
				CLANG_WARN_RANGE_LOOP_ANALYSIS = YES;
				CLANG_WARN_STRICT_PROTOTYPES = YES;
				CLANG_WARN_SUSPICIOUS_MOVE = YES;
				CLANG_WARN_UNGUARDED_AVAILABILITY = YES_AGGRESSIVE;
				CLANG_WARN_UNREACHABLE_CODE = YES;
				CLANG_WARN__DUPLICATE_METHOD_MATCH = YES;
				COPY_PHASE_STRIP = NO;
				DEBUG_INFORMATION_FORMAT = dwarf;
				ENABLE_STRICT_OBJC_MSGSEND = YES;
				ENABLE_TESTABILITY = YES;
				GCC_C_LANGUAGE_STANDARD = gnu11;
				GCC_DYNAMIC_NO_PIC = NO;
				GCC_NO_COMMON_BLOCKS = YES;
				GCC_OPTIMIZATION_LEVEL = 0;
				GCC_PREPROCESSOR_DEFINITIONS = (
					"DEBUG=1",
					"$(inherited)",
				);
				GCC_WARN_64_TO_32_BIT_CONVERSION = YES;
				GCC_WARN_ABOUT_RETURN_TYPE = YES_ERROR;
				GCC_WARN_UNDECLARED_SELECTOR = YES;
				GCC_WARN_UNINITIALIZED_AUTOS = YES_AGGRESSIVE;
				GCC_WARN_UNUSED_FUNCTION = YES;
				GCC_WARN_UNUSED_VARIABLE = YES;
				MACOSX_DEPLOYMENT_TARGET = 10.15;
				MTL_ENABLE_DEBUG_INFO = INCLUDE_SOURCE;
				MTL_FAST_MATH = YES;
				ONLY_ACTIVE_ARCH = YES;
				SDKROOT = macosx;
				SWIFT_ACTIVE_COMPILATION_CONDITIONS = DEBUG;
				SWIFT_OPTIMIZATION_LEVEL = "-Onone";
			};
			name = Debug;
		};
		C0FF316E23B8C9D000E84C4A /* Release */ = {
			isa = XCBuildConfiguration;
			buildSettings = {
				ALWAYS_SEARCH_USER_PATHS = NO;
				CLANG_ANALYZER_NONNULL = YES;
				CLANG_ANALYZER_NUMBER_OBJECT_CONVERSION = YES_AGGRESSIVE;
				CLANG_CXX_LANGUAGE_STANDARD = "gnu++14";
				CLANG_CXX_LIBRARY = "libc++";
				CLANG_ENABLE_MODULES = YES;
				CLANG_ENABLE_OBJC_ARC = YES;
				CLANG_ENABLE_OBJC_WEAK = YES;
				CLANG_WARN_BLOCK_CAPTURE_AUTORELEASING = YES;
				CLANG_WARN_BOOL_CONVERSION = YES;
				CLANG_WARN_COMMA = YES;
				CLANG_WARN_CONSTANT_CONVERSION = YES;
				CLANG_WARN_DEPRECATED_OBJC_IMPLEMENTATIONS = YES;
				CLANG_WARN_DIRECT_OBJC_ISA_USAGE = YES_ERROR;
				CLANG_WARN_DOCUMENTATION_COMMENTS = YES;
				CLANG_WARN_EMPTY_BODY = YES;
				CLANG_WARN_ENUM_CONVERSION = YES;
				CLANG_WARN_INFINITE_RECURSION = YES;
				CLANG_WARN_INT_CONVERSION = YES;
				CLANG_WARN_NON_LITERAL_NULL_CONVERSION = YES;
				CLANG_WARN_OBJC_IMPLICIT_RETAIN_SELF = YES;
				CLANG_WARN_OBJC_LITERAL_CONVERSION = YES;
				CLANG_WARN_OBJC_ROOT_CLASS = YES_ERROR;
				CLANG_WARN_RANGE_LOOP_ANALYSIS = YES;
				CLANG_WARN_STRICT_PROTOTYPES = YES;
				CLANG_WARN_SUSPICIOUS_MOVE = YES;
				CLANG_WARN_UNGUARDED_AVAILABILITY = YES_AGGRESSIVE;
				CLANG_WARN_UNREACHABLE_CODE = YES;
				CLANG_WARN__DUPLICATE_METHOD_MATCH = YES;
				COPY_PHASE_STRIP = NO;
				DEBUG_INFORMATION_FORMAT = "dwarf-with-dsym";
				ENABLE_NS_ASSERTIONS = NO;
				ENABLE_STRICT_OBJC_MSGSEND = YES;
				GCC_C_LANGUAGE_STANDARD = gnu11;
				GCC_NO_COMMON_BLOCKS = YES;
				GCC_WARN_64_TO_32_BIT_CONVERSION = YES;
				GCC_WARN_ABOUT_RETURN_TYPE = YES_ERROR;
				GCC_WARN_UNDECLARED_SELECTOR = YES;
				GCC_WARN_UNINITIALIZED_AUTOS = YES_AGGRESSIVE;
				GCC_WARN_UNUSED_FUNCTION = YES;
				GCC_WARN_UNUSED_VARIABLE = YES;
				MACOSX_DEPLOYMENT_TARGET = 10.15;
				MTL_ENABLE_DEBUG_INFO = NO;
				MTL_FAST_MATH = YES;
				SDKROOT = macosx;
				SWIFT_COMPILATION_MODE = wholemodule;
				SWIFT_OPTIMIZATION_LEVEL = "-O";
			};
			name = Release;
		};
		C0FF317023B8C9D000E84C4A /* Debug */ = {
			isa = XCBuildConfiguration;
			baseConfigurationReference = 2B370421994539100B96BB43 /* Pods-Simple Login.debug.xcconfig */;
			buildSettings = {
				ALWAYS_EMBED_SWIFT_STANDARD_LIBRARIES = YES;
				ASSETCATALOG_COMPILER_APPICON_NAME = AppIcon;
				CODE_SIGN_ENTITLEMENTS = "Simple Login/Simple_Login.entitlements";
				CODE_SIGN_IDENTITY = "Apple Development";
				CODE_SIGN_STYLE = Automatic;
				COMBINE_HIDPI_IMAGES = YES;
				CURRENT_PROJECT_VERSION = 1;
				DEVELOPMENT_TEAM = 975H7B86B7;
				ENABLE_HARDENED_RUNTIME = YES;
				INFOPLIST_FILE = "Simple Login/Info.plist";
				LD_RUNPATH_SEARCH_PATHS = (
					"$(inherited)",
					"@executable_path/../Frameworks",
				);
				MACOSX_DEPLOYMENT_TARGET = 10.12;
				MARKETING_VERSION = 1.2;
				PRODUCT_BUNDLE_IDENTIFIER = io.simplelogin.macapp;
				PRODUCT_NAME = "$(TARGET_NAME)";
				SWIFT_VERSION = 5.0;
			};
			name = Debug;
		};
		C0FF317123B8C9D000E84C4A /* Release */ = {
			isa = XCBuildConfiguration;
			baseConfigurationReference = 1519C7D341643E85707BE92D /* Pods-Simple Login.release.xcconfig */;
			buildSettings = {
				ALWAYS_EMBED_SWIFT_STANDARD_LIBRARIES = YES;
				ASSETCATALOG_COMPILER_APPICON_NAME = AppIcon;
				CODE_SIGN_ENTITLEMENTS = "Simple Login/Simple_Login.entitlements";
				CODE_SIGN_IDENTITY = "Apple Development";
				CODE_SIGN_STYLE = Automatic;
				COMBINE_HIDPI_IMAGES = YES;
				CURRENT_PROJECT_VERSION = 1;
				DEVELOPMENT_TEAM = 975H7B86B7;
				ENABLE_HARDENED_RUNTIME = YES;
				INFOPLIST_FILE = "Simple Login/Info.plist";
				LD_RUNPATH_SEARCH_PATHS = (
					"$(inherited)",
					"@executable_path/../Frameworks",
				);
				MACOSX_DEPLOYMENT_TARGET = 10.12;
				MARKETING_VERSION = 1.2;
				PRODUCT_BUNDLE_IDENTIFIER = io.simplelogin.macapp;
				PRODUCT_NAME = "$(TARGET_NAME)";
				SWIFT_VERSION = 5.0;
			};
			name = Release;
		};
/* End XCBuildConfiguration section */

/* Begin XCConfigurationList section */
		C062761D23BA646300BCE972 /* Build configuration list for PBXNativeTarget "Safari Extension" */ = {
			isa = XCConfigurationList;
			buildConfigurations = (
				C062761B23BA646300BCE972 /* Debug */,
				C062761C23BA646300BCE972 /* Release */,
			);
			defaultConfigurationIsVisible = 0;
			defaultConfigurationName = Release;
		};
		C0FF315A23B8C9CA00E84C4A /* Build configuration list for PBXProject "Simple Login" */ = {
			isa = XCConfigurationList;
			buildConfigurations = (
				C0FF316D23B8C9D000E84C4A /* Debug */,
				C0FF316E23B8C9D000E84C4A /* Release */,
			);
			defaultConfigurationIsVisible = 0;
			defaultConfigurationName = Release;
		};
		C0FF316F23B8C9D000E84C4A /* Build configuration list for PBXNativeTarget "Simple Login" */ = {
			isa = XCConfigurationList;
			buildConfigurations = (
				C0FF317023B8C9D000E84C4A /* Debug */,
				C0FF317123B8C9D000E84C4A /* Release */,
			);
			defaultConfigurationIsVisible = 0;
			defaultConfigurationName = Release;
		};
/* End XCConfigurationList section */
	};
	rootObject = C0FF315723B8C9CA00E84C4A /* Project object */;
}
