{
  "pins" : [
    {
      "identity" : "factory",
      "kind" : "remoteSourceControl",
      "location" : "https://github.com/hmlongco/Factory",
      "state" : {
        "revision" : "8ca11a7bd1ede031e8e6d7a912bb116e2e43961b",
        "version" : "2.3.1"
      }
    },
    {
      "identity" : "simplekeychain",
      "kind" : "remoteSourceControl",
      "location" : "https://github.com/lukacs-m/SimpleKeychain",
      "state" : {
        "revision" : "a41b93b2565cc53ed26e547f013590dd484afb06",
        "version" : "0.1.2"
      }
    },
    {
      "identity" : "swift-package",
      "kind" : "remoteSourceControl",
      "location" : "https://github.com/simple-login/swift-package",
      "state" : {
        "revision" : "3de24a3d55b012753622e2d15f3df637c47b7b91",
        "version" : "2.1.4"
      }
    }
  ],
  "version" : 2
}
